
Microsoft Visual Studio Solution File, Format Version 12.00
Project("{FAE04EC0-301F-11D3-BF4B-00C04F79EFBC}") = "CITAssignment4.DataLayer.Tests", "CITAssignment4.DataLayer.Tests\CITAssignment4.DataLayer.Tests.csproj", "{1008A061-D971-47F8-AFF2-4121B75F8E6C}"
EndProject
Project("{FAE04EC0-301F-11D3-BF4B-00C04F79EFBC}") = "CITAssignment4.DataLayer", "CITAssignment4.DataLayer\CITAssignment4.DataLayer.csproj", "{DAD3C184-FC0F-4EEA-BF8B-709B7441A80A}"
EndProject
Project("{FAE04EC0-301F-11D3-BF4B-00C04F79EFBC}") = "CITAssignment4.WebService", "CITAssignment4.WebService\CITAssignment4.WebService.csproj", "{B33D00F5-4E8D-4E66-B303-5B34A42E1D5F}"
EndProject
Global
	GlobalSection(SolutionConfigurationPlatforms) = preSolution
		Debug|Any CPU = Debug|Any CPU
		Release|Any CPU = Release|Any CPU
	EndGlobalSection
	GlobalSection(ProjectConfigurationPlatforms) = postSolution
		{1008A061-D971-47F8-AFF2-4121B75F8E6C}.Debug|Any CPU.ActiveCfg = Debug|Any CPU
		{1008A061-D971-47F8-AFF2-4121B75F8E6C}.Debug|Any CPU.Build.0 = Debug|Any CPU
		{1008A061-D971-47F8-AFF2-4121B75F8E6C}.Release|Any CPU.ActiveCfg = Release|Any CPU
		{1008A061-D971-47F8-AFF2-4121B75F8E6C}.Release|Any CPU.Build.0 = Release|Any CPU
		{DAD3C184-FC0F-4EEA-BF8B-709B7441A80A}.Debug|Any CPU.ActiveCfg = Debug|Any CPU
		{DAD3C184-FC0F-4EEA-BF8B-709B7441A80A}.Debug|Any CPU.Build.0 = Debug|Any CPU
		{DAD3C184-FC0F-4EEA-BF8B-709B7441A80A}.Release|Any CPU.ActiveCfg = Release|Any CPU
		{DAD3C184-FC0F-4EEA-BF8B-709B7441A80A}.Release|Any CPU.Build.0 = Release|Any CPU
		{B33D00F5-4E8D-4E66-B303-5B34A42E1D5F}.Debug|Any CPU.ActiveCfg = Debug|Any CPU
		{B33D00F5-4E8D-4E66-B303-5B34A42E1D5F}.Debug|Any CPU.Build.0 = Debug|Any CPU
		{B33D00F5-4E8D-4E66-B303-5B34A42E1D5F}.Release|Any CPU.ActiveCfg = Release|Any CPU
		{B33D00F5-4E8D-4E66-B303-5B34A42E1D5F}.Release|Any CPU.Build.0 = Release|Any CPU
	EndGlobalSection
EndGlobal
