
Microsoft Visual Studio Solution File, Format Version 12.00
# Visual Studio Version 17
VisualStudioVersion = 17.7.34202.233
MinimumVisualStudioVersion = 10.0.40219.1
Project("{9A19103F-16F7-4668-BE54-9A1E7A4F7556}") = "CITAssignment4.DataLayer.Tests", "CITAssignment4.DataLayer.Tests\CITAssignment4.DataLayer.Tests.csproj", "{1008A061-D971-47F8-AFF2-4121B75F8E6C}"
EndProject
Project("{9A19103F-16F7-4668-BE54-9A1E7A4F7556}") = "CITAssignment4.DataLayer", "CITAssignment4.DataLayer\CITAssignment4.DataLayer.csproj", "{DAD3C184-FC0F-4EEA-BF8B-709B7441A80A}"
EndProject
Project("{FAE04EC0-301F-11D3-BF4B-00C04F79EFBC}") = "CITAssignment4.WebService", "CITAssignment4.WebService\CITAssignment4.WebService.csproj", "{0F4644C1-78B2-408F-B4BC-C98BF6191660}"
EndProject
Project("{9A19103F-16F7-4668-BE54-9A1E7A4F7556}") = "Assignment4.Tests", "CITAssignment4.API.Tests\Assignment4.Tests.csproj", "{3236EE8E-6A82-4BBB-9DC7-B94D995A1CBE}"
EndProject
Global
	GlobalSection(SolutionConfigurationPlatforms) = preSolution
		Debug|Any CPU = Debug|Any CPU
		Release|Any CPU = Release|Any CPU
	EndGlobalSection
	GlobalSection(ProjectConfigurationPlatforms) = postSolution
		{1008A061-D971-47F8-AFF2-4121B75F8E6C}.Debug|Any CPU.ActiveCfg = Debug|Any CPU
		{1008A061-D971-47F8-AFF2-4121B75F8E6C}.Debug|Any CPU.Build.0 = Debug|Any CPU
		{1008A061-D971-47F8-AFF2-4121B75F8E6C}.Release|Any CPU.ActiveCfg = Release|Any CPU
		{1008A061-D971-47F8-AFF2-4121B75F8E6C}.Release|Any CPU.Build.0 = Release|Any CPU
		{DAD3C184-FC0F-4EEA-BF8B-709B7441A80A}.Debug|Any CPU.ActiveCfg = Debug|Any CPU
		{DAD3C184-FC0F-4EEA-BF8B-709B7441A80A}.Debug|Any CPU.Build.0 = Debug|Any CPU
		{DAD3C184-FC0F-4EEA-BF8B-709B7441A80A}.Release|Any CPU.ActiveCfg = Release|Any CPU
		{DAD3C184-FC0F-4EEA-BF8B-709B7441A80A}.Release|Any CPU.Build.0 = Release|Any CPU
		{0F4644C1-78B2-408F-B4BC-C98BF6191660}.Debug|Any CPU.ActiveCfg = Debug|Any CPU
		{0F4644C1-78B2-408F-B4BC-C98BF6191660}.Debug|Any CPU.Build.0 = Debug|Any CPU
		{0F4644C1-78B2-408F-B4BC-C98BF6191660}.Release|Any CPU.ActiveCfg = Release|Any CPU
		{0F4644C1-78B2-408F-B4BC-C98BF6191660}.Release|Any CPU.Build.0 = Release|Any CPU
		{3236EE8E-6A82-4BBB-9DC7-B94D995A1CBE}.Debug|Any CPU.ActiveCfg = Debug|Any CPU
		{3236EE8E-6A82-4BBB-9DC7-B94D995A1CBE}.Debug|Any CPU.Build.0 = Debug|Any CPU
		{3236EE8E-6A82-4BBB-9DC7-B94D995A1CBE}.Release|Any CPU.ActiveCfg = Release|Any CPU
		{3236EE8E-6A82-4BBB-9DC7-B94D995A1CBE}.Release|Any CPU.Build.0 = Release|Any CPU
	EndGlobalSection
	GlobalSection(SolutionProperties) = preSolution
		HideSolutionNode = FALSE
	EndGlobalSection
	GlobalSection(ExtensibilityGlobals) = postSolution
		SolutionGuid = {B51B1A9A-102F-4055-AC97-DB2C03C85DD9}
	EndGlobalSection
EndGlobal
